// !$*UTF8*$!
{
	archiveVersion = 1;
	classes = {
	};
	objectVersion = 51;
	objects = {

/* Begin PBXBuildFile section */
		040FC3F92604955E008726AD /* AddCustomRoomViewController.swift in Sources */ = {isa = PBXBuildFile; fileRef = 040FC3F82604955E008726AD /* AddCustomRoomViewController.swift */; };
		041410E025EE4E82000AEAC6 /* HomeRoomResponseModel.swift in Sources */ = {isa = PBXBuildFile; fileRef = 041410DF25EE4E82000AEAC6 /* HomeRoomResponseModel.swift */; };
		042B6A8125ED0D7D0010CD92 /* ProfileUpRespModel.swift in Sources */ = {isa = PBXBuildFile; fileRef = 042B6A8025ED0D7D0010CD92 /* ProfileUpRespModel.swift */; };
		0455B4D025B02397005007F3 /* RegisterViewController.swift in Sources */ = {isa = PBXBuildFile; fileRef = 0455B4CF25B02397005007F3 /* RegisterViewController.swift */; };
		0455B4D525B02AF5005007F3 /* AddDeviceViewController.swift in Sources */ = {isa = PBXBuildFile; fileRef = 0455B4D425B02AF5005007F3 /* AddDeviceViewController.swift */; };
		0455B4DA25B033EE005007F3 /* ChooseRoomViewController.swift in Sources */ = {isa = PBXBuildFile; fileRef = 0455B4D925B033EE005007F3 /* ChooseRoomViewController.swift */; };
		0455B4DF25B034A9005007F3 /* ChooseRoomTableViewCell.swift in Sources */ = {isa = PBXBuildFile; fileRef = 0455B4DE25B034A9005007F3 /* ChooseRoomTableViewCell.swift */; };
		0455B4E425B03F37005007F3 /* ScanQrCodeViewController.swift in Sources */ = {isa = PBXBuildFile; fileRef = 0455B4E325B03F37005007F3 /* ScanQrCodeViewController.swift */; };
		0455B4E925B03F8C005007F3 /* SetSSIDViewController.swift in Sources */ = {isa = PBXBuildFile; fileRef = 0455B4E825B03F8C005007F3 /* SetSSIDViewController.swift */; };
		045EF0B5260B799500DDA7CE /* AQIREsponseModel.swift in Sources */ = {isa = PBXBuildFile; fileRef = 045EF0B4260B799500DDA7CE /* AQIREsponseModel.swift */; };
		046416A225CD1984004EF99B /* SignInNewViewController.swift in Sources */ = {isa = PBXBuildFile; fileRef = 046416A125CD1984004EF99B /* SignInNewViewController.swift */; };
		0464171625CD424A004EF99B /* SignInResponseModel.swift in Sources */ = {isa = PBXBuildFile; fileRef = 0464171525CD424A004EF99B /* SignInResponseModel.swift */; };
		0464178A25CD6F65004EF99B /* SharedDefault.swift in Sources */ = {isa = PBXBuildFile; fileRef = 0464178925CD6D07004EF99B /* SharedDefault.swift */; };
		046C5E7825C4115C0054EFD2 /* DeviceConnectionViewController.swift in Sources */ = {isa = PBXBuildFile; fileRef = 046C5E7725C4115C0054EFD2 /* DeviceConnectionViewController.swift */; };
		047860AB25FF942200580255 /* ApiHandler.swift in Sources */ = {isa = PBXBuildFile; fileRef = 047860AA25FF942200580255 /* ApiHandler.swift */; };
		0483A38A25D63EC3000A51B2 /* DefoultViewController.swift in Sources */ = {isa = PBXBuildFile; fileRef = 0483A38925D63EC3000A51B2 /* DefoultViewController.swift */; };
		048D908025E7A4BD0040E1BA /* typeResponseModel.swift in Sources */ = {isa = PBXBuildFile; fileRef = 048D907F25E7A4BC0040E1BA /* typeResponseModel.swift */; };
		048D908825E7C5EC0040E1BA /* ProfileResponseModel.swift in Sources */ = {isa = PBXBuildFile; fileRef = 048D908725E7C5EC0040E1BA /* ProfileResponseModel.swift */; };
		04915E9D25AD91FC0069EB78 /* AppDelegate.swift in Sources */ = {isa = PBXBuildFile; fileRef = 04915E9C25AD91FC0069EB78 /* AppDelegate.swift */; };
		04915E9F25AD91FC0069EB78 /* SceneDelegate.swift in Sources */ = {isa = PBXBuildFile; fileRef = 04915E9E25AD91FC0069EB78 /* SceneDelegate.swift */; };
		04915EA125AD91FC0069EB78 /* ViewController.swift in Sources */ = {isa = PBXBuildFile; fileRef = 04915EA025AD91FC0069EB78 /* ViewController.swift */; };
		04915EA425AD91FC0069EB78 /* Main.storyboard in Resources */ = {isa = PBXBuildFile; fileRef = 04915EA225AD91FC0069EB78 /* Main.storyboard */; };
		04915EA625AD91FF0069EB78 /* Assets.xcassets in Resources */ = {isa = PBXBuildFile; fileRef = 04915EA525AD91FF0069EB78 /* Assets.xcassets */; };
		04915EA925AD91FF0069EB78 /* LaunchScreen.storyboard in Resources */ = {isa = PBXBuildFile; fileRef = 04915EA725AD91FF0069EB78 /* LaunchScreen.storyboard */; };
		04915EB425AD91FF0069EB78 /* VinnerAirSenseTests.swift in Sources */ = {isa = PBXBuildFile; fileRef = 04915EB325AD91FF0069EB78 /* VinnerAirSenseTests.swift */; };
		04915EBF25AD91FF0069EB78 /* VinnerAirSenseUITests.swift in Sources */ = {isa = PBXBuildFile; fileRef = 04915EBE25AD91FF0069EB78 /* VinnerAirSenseUITests.swift */; };
		04915EEA25AD987A0069EB78 /* SignInViewController.swift in Sources */ = {isa = PBXBuildFile; fileRef = 04915EE925AD987A0069EB78 /* SignInViewController.swift */; };
		04915EEF25AD98F70069EB78 /* HomeViewController.swift in Sources */ = {isa = PBXBuildFile; fileRef = 04915EEE25AD98F70069EB78 /* HomeViewController.swift */; };
		04915EF725ADB8740069EB78 /* Home1CollectionViewCell.swift in Sources */ = {isa = PBXBuildFile; fileRef = 04915EF625ADB8740069EB78 /* Home1CollectionViewCell.swift */; };
		04915EFC25ADB8810069EB78 /* Home2CollectionViewCell.swift in Sources */ = {isa = PBXBuildFile; fileRef = 04915EFB25ADB8810069EB78 /* Home2CollectionViewCell.swift */; };
		04915F0125ADB9830069EB78 /* Home3CollectionViewCell.swift in Sources */ = {isa = PBXBuildFile; fileRef = 04915F0025ADB9830069EB78 /* Home3CollectionViewCell.swift */; };
		0496187825E8BB3100577C2C /* ColorResponseModel.swift in Sources */ = {isa = PBXBuildFile; fileRef = 0496187725E8BB3100577C2C /* ColorResponseModel.swift */; };
		04AC12DA25D7079700D6F32C /* ProfileViewController.swift in Sources */ = {isa = PBXBuildFile; fileRef = 04AC12D925D7079700D6F32C /* ProfileViewController.swift */; };
		04AF2CC6261D834C00A8735D /* GoogleService-Info.plist in Resources */ = {isa = PBXBuildFile; fileRef = 04AF2CC5261D834C00A8735D /* GoogleService-Info.plist */; };
		04B9E1BF25E64B7E00E49C98 /* ScanQRViewController.swift in Sources */ = {isa = PBXBuildFile; fileRef = 04B9E1BE25E64B7E00E49C98 /* ScanQRViewController.swift */; };
		04BA16B825DA3BF6006D2838 /* HomePopUpViewController.swift in Sources */ = {isa = PBXBuildFile; fileRef = 04BA16B725DA3BF6006D2838 /* HomePopUpViewController.swift */; };
		04BA188525DA7440006D2838 /* HomePopUp1CollectionViewCell.swift in Sources */ = {isa = PBXBuildFile; fileRef = 04BA188425DA7440006D2838 /* HomePopUp1CollectionViewCell.swift */; };
		04BA188A25DA7474006D2838 /* HomePopUp3CollectionViewCell.swift in Sources */ = {isa = PBXBuildFile; fileRef = 04BA188925DA7474006D2838 /* HomePopUp3CollectionViewCell.swift */; };
		04BA18DC25DAAFDD006D2838 /* signOutResponse.swift in Sources */ = {isa = PBXBuildFile; fileRef = 04BA18DB25DAAFDD006D2838 /* signOutResponse.swift */; };
		04BA3D3225C1360D0016DC8A /* SocketClass.swift in Sources */ = {isa = PBXBuildFile; fileRef = 04BA3D3125C1360D0016DC8A /* SocketClass.swift */; };
		04C3B67125D1554800F437A9 /* TCPClient.swift in Sources */ = {isa = PBXBuildFile; fileRef = 04C3B67025D1554800F437A9 /* TCPClient.swift */; };
		04CC37CC25CA92C400EECEA2 /* ExtensionClass.swift in Sources */ = {isa = PBXBuildFile; fileRef = 04CC37CB25CA92C400EECEA2 /* ExtensionClass.swift */; };
		04CC37D125CA92E300EECEA2 /* Constants.swift in Sources */ = {isa = PBXBuildFile; fileRef = 04CC37D025CA92E300EECEA2 /* Constants.swift */; };
		04CC37D625CA9EB700EECEA2 /* RegistrationResponseModel.swift in Sources */ = {isa = PBXBuildFile; fileRef = 04CC37D525CA9EB700EECEA2 /* RegistrationResponseModel.swift */; };
		04CC37DB25CAA03A00EECEA2 /* Reachability.swift in Sources */ = {isa = PBXBuildFile; fileRef = 04CC37DA25CAA03A00EECEA2 /* Reachability.swift */; };
		04D30BA725D2B4330065CF25 /* NetworkExtension.framework in Frameworks */ = {isa = PBXBuildFile; fileRef = 04D30BA625D2B4330065CF25 /* NetworkExtension.framework */; };
		04DE15B225D50DA900F062AA /* RoomResponseModel.swift in Sources */ = {isa = PBXBuildFile; fileRef = 04DE15B125D50DA900F062AA /* RoomResponseModel.swift */; };
		04E2D19A25D3D7FD0007D87F /* SocketDataManager.swift in Sources */ = {isa = PBXBuildFile; fileRef = 04E2D19925D3D7FD0007D87F /* SocketDataManager.swift */; };
		04E2D19F25D3D8170007D87F /* PresenterProtocol.swift in Sources */ = {isa = PBXBuildFile; fileRef = 04E2D19E25D3D8170007D87F /* PresenterProtocol.swift */; };
		04E2D1C625D3D8C40007D87F /* DataSocket.swift in Sources */ = {isa = PBXBuildFile; fileRef = 04E2D1C525D3D8C40007D87F /* DataSocket.swift */; };
		04E37282260099D400E85F6D /* AxisBase.swift in Sources */ = {isa = PBXBuildFile; fileRef = 04E37281260099D400E85F6D /* AxisBase.swift */; };
		04E37287260099E800E85F6D /* ComponentBase.swift in Sources */ = {isa = PBXBuildFile; fileRef = 04E37286260099E800E85F6D /* ComponentBase.swift */; };
		04E3728C26009A3A00E85F6D /* AxisValueFormatter.swift in Sources */ = {isa = PBXBuildFile; fileRef = 04E3728B26009A3A00E85F6D /* AxisValueFormatter.swift */; };
		04E372BD26009E3700E85F6D /* DefaultAxisValueFormatter.swift in Sources */ = {isa = PBXBuildFile; fileRef = 04E372BC26009E3700E85F6D /* DefaultAxisValueFormatter.swift */; };
		04E54D6D25AEE503005240AA /* ChartColorTemplates.swift in Sources */ = {isa = PBXBuildFile; fileRef = 04E54D6C25AEE503005240AA /* ChartColorTemplates.swift */; };
		04E54D7225AEE53E005240AA /* Platform+Color.swift in Sources */ = {isa = PBXBuildFile; fileRef = 04E54D7125AEE53E005240AA /* Platform+Color.swift */; };
		04E54D8125AEE685005240AA /* BalloonMarker.swift in Sources */ = {isa = PBXBuildFile; fileRef = 04E54D8025AEE685005240AA /* BalloonMarker.swift */; };
		04E54D8625AEE690005240AA /* RadarMarkerView.swift in Sources */ = {isa = PBXBuildFile; fileRef = 04E54D8525AEE690005240AA /* RadarMarkerView.swift */; };
		04E54DAD25AEEB90005240AA /* Platform.swift in Sources */ = {isa = PBXBuildFile; fileRef = 04E54DAC25AEEB90005240AA /* Platform.swift */; };
		04E54DB725AEEEA7005240AA /* ChartLimitLine.swift in Sources */ = {isa = PBXBuildFile; fileRef = 04E54DB625AEEEA6005240AA /* ChartLimitLine.swift */; };
		04E54DBC25AEEEE3005240AA /* ChartUtils.swift in Sources */ = {isa = PBXBuildFile; fileRef = 04E54DBB25AEEEE3005240AA /* ChartUtils.swift */; };
		04E54DC125AEEF13005240AA /* Sequence+KeyPath.swift in Sources */ = {isa = PBXBuildFile; fileRef = 04E54DC025AEEF13005240AA /* Sequence+KeyPath.swift */; };
		04E54DC625AEEF2F005240AA /* Platform+Graphics.swift in Sources */ = {isa = PBXBuildFile; fileRef = 04E54DC525AEEF2F005240AA /* Platform+Graphics.swift */; };
		04ED11CA261575A900B5AFEC /* HomePopUpTableViewCell.swift in Sources */ = {isa = PBXBuildFile; fileRef = 04ED11C9261575A900B5AFEC /* HomePopUpTableViewCell.swift */; };
		2205FB3F2589E860A4868F38 /* Pods_VinnerAirSense_VinnerAirSenseUITests.framework in Frameworks */ = {isa = PBXBuildFile; fileRef = E8C37E6624B33C433E5F5DAD /* Pods_VinnerAirSense_VinnerAirSenseUITests.framework */; };
		5E281070C2F25303BA277DF3 /* Pods_VinnerAirSenseTests.framework in Frameworks */ = {isa = PBXBuildFile; fileRef = 4987750C8FE03870502450B9 /* Pods_VinnerAirSenseTests.framework */; };
		B3D4E16458879DE3481A00F3 /* Pods_VinnerAirSense.framework in Frameworks */ = {isa = PBXBuildFile; fileRef = 3C1E22671294ED82B124816E /* Pods_VinnerAirSense.framework */; };
		FAF844E12608CE290025AFE9 /* ChartColors.swift in Sources */ = {isa = PBXBuildFile; fileRef = FAF844DE2608CE290025AFE9 /* ChartColors.swift */; };
		FAF844E22608CE290025AFE9 /* ChartSeries.swift in Sources */ = {isa = PBXBuildFile; fileRef = FAF844DF2608CE290025AFE9 /* ChartSeries.swift */; };
		FAF844E32608CE290025AFE9 /* Chart.swift in Sources */ = {isa = PBXBuildFile; fileRef = FAF844E02608CE290025AFE9 /* Chart.swift */; };
/* End PBXBuildFile section */

/* Begin PBXContainerItemProxy section */
		04915EB025AD91FF0069EB78 /* PBXContainerItemProxy */ = {
			isa = PBXContainerItemProxy;
			containerPortal = 04915E9125AD91FC0069EB78 /* Project object */;
			proxyType = 1;
			remoteGlobalIDString = 04915E9825AD91FC0069EB78;
			remoteInfo = VinnerAirSense;
		};
		04915EBB25AD91FF0069EB78 /* PBXContainerItemProxy */ = {
			isa = PBXContainerItemProxy;
			containerPortal = 04915E9125AD91FC0069EB78 /* Project object */;
			proxyType = 1;
			remoteGlobalIDString = 04915E9825AD91FC0069EB78;
			remoteInfo = VinnerAirSense;
		};
/* End PBXContainerItemProxy section */

/* Begin PBXFileReference section */
		040FC3F82604955E008726AD /* AddCustomRoomViewController.swift */ = {isa = PBXFileReference; lastKnownFileType = sourcecode.swift; path = AddCustomRoomViewController.swift; sourceTree = "<group>"; };
		041410DF25EE4E82000AEAC6 /* HomeRoomResponseModel.swift */ = {isa = PBXFileReference; lastKnownFileType = sourcecode.swift; path = HomeRoomResponseModel.swift; sourceTree = "<group>"; };
		042B6A8025ED0D7D0010CD92 /* ProfileUpRespModel.swift */ = {isa = PBXFileReference; lastKnownFileType = sourcecode.swift; path = ProfileUpRespModel.swift; sourceTree = "<group>"; };
		0455B4CF25B02397005007F3 /* RegisterViewController.swift */ = {isa = PBXFileReference; lastKnownFileType = sourcecode.swift; path = RegisterViewController.swift; sourceTree = "<group>"; };
		0455B4D425B02AF5005007F3 /* AddDeviceViewController.swift */ = {isa = PBXFileReference; lastKnownFileType = sourcecode.swift; path = AddDeviceViewController.swift; sourceTree = "<group>"; };
		0455B4D925B033EE005007F3 /* ChooseRoomViewController.swift */ = {isa = PBXFileReference; lastKnownFileType = sourcecode.swift; path = ChooseRoomViewController.swift; sourceTree = "<group>"; };
		0455B4DE25B034A9005007F3 /* ChooseRoomTableViewCell.swift */ = {isa = PBXFileReference; lastKnownFileType = sourcecode.swift; path = ChooseRoomTableViewCell.swift; sourceTree = "<group>"; };
		0455B4E325B03F37005007F3 /* ScanQrCodeViewController.swift */ = {isa = PBXFileReference; lastKnownFileType = sourcecode.swift; path = ScanQrCodeViewController.swift; sourceTree = "<group>"; };
		0455B4E825B03F8C005007F3 /* SetSSIDViewController.swift */ = {isa = PBXFileReference; lastKnownFileType = sourcecode.swift; path = SetSSIDViewController.swift; sourceTree = "<group>"; };
		045EF0B4260B799500DDA7CE /* AQIREsponseModel.swift */ = {isa = PBXFileReference; lastKnownFileType = sourcecode.swift; path = AQIREsponseModel.swift; sourceTree = "<group>"; };
		046416A125CD1984004EF99B /* SignInNewViewController.swift */ = {isa = PBXFileReference; lastKnownFileType = sourcecode.swift; path = SignInNewViewController.swift; sourceTree = "<group>"; };
		0464171525CD424A004EF99B /* SignInResponseModel.swift */ = {isa = PBXFileReference; lastKnownFileType = sourcecode.swift; path = SignInResponseModel.swift; sourceTree = "<group>"; };
		0464178925CD6D07004EF99B /* SharedDefault.swift */ = {isa = PBXFileReference; lastKnownFileType = sourcecode.swift; path = SharedDefault.swift; sourceTree = "<group>"; };
		046C5E7725C4115C0054EFD2 /* DeviceConnectionViewController.swift */ = {isa = PBXFileReference; lastKnownFileType = sourcecode.swift; path = DeviceConnectionViewController.swift; sourceTree = "<group>"; };
		047860AA25FF942200580255 /* ApiHandler.swift */ = {isa = PBXFileReference; fileEncoding = 4; lastKnownFileType = sourcecode.swift; path = ApiHandler.swift; sourceTree = "<group>"; };
		0483A38925D63EC3000A51B2 /* DefoultViewController.swift */ = {isa = PBXFileReference; lastKnownFileType = sourcecode.swift; path = DefoultViewController.swift; sourceTree = "<group>"; };
		048D907F25E7A4BC0040E1BA /* typeResponseModel.swift */ = {isa = PBXFileReference; lastKnownFileType = sourcecode.swift; path = typeResponseModel.swift; sourceTree = "<group>"; };
		048D908725E7C5EC0040E1BA /* ProfileResponseModel.swift */ = {isa = PBXFileReference; lastKnownFileType = sourcecode.swift; path = ProfileResponseModel.swift; sourceTree = "<group>"; };
		04915E9925AD91FC0069EB78 /* VinnerAirSense.app */ = {isa = PBXFileReference; explicitFileType = wrapper.application; includeInIndex = 0; path = VinnerAirSense.app; sourceTree = BUILT_PRODUCTS_DIR; };
		04915E9C25AD91FC0069EB78 /* AppDelegate.swift */ = {isa = PBXFileReference; lastKnownFileType = sourcecode.swift; path = AppDelegate.swift; sourceTree = "<group>"; };
		04915E9E25AD91FC0069EB78 /* SceneDelegate.swift */ = {isa = PBXFileReference; lastKnownFileType = sourcecode.swift; path = SceneDelegate.swift; sourceTree = "<group>"; };
		04915EA025AD91FC0069EB78 /* ViewController.swift */ = {isa = PBXFileReference; lastKnownFileType = sourcecode.swift; path = ViewController.swift; sourceTree = "<group>"; };
		04915EA325AD91FC0069EB78 /* Base */ = {isa = PBXFileReference; lastKnownFileType = file.storyboard; name = Base; path = Base.lproj/Main.storyboard; sourceTree = "<group>"; };
		04915EA525AD91FF0069EB78 /* Assets.xcassets */ = {isa = PBXFileReference; lastKnownFileType = folder.assetcatalog; path = Assets.xcassets; sourceTree = "<group>"; };
		04915EA825AD91FF0069EB78 /* Base */ = {isa = PBXFileReference; lastKnownFileType = file.storyboard; name = Base; path = Base.lproj/LaunchScreen.storyboard; sourceTree = "<group>"; };
		04915EAA25AD91FF0069EB78 /* Info.plist */ = {isa = PBXFileReference; lastKnownFileType = text.plist.xml; path = Info.plist; sourceTree = "<group>"; };
		04915EAF25AD91FF0069EB78 /* VinnerAirSenseTests.xctest */ = {isa = PBXFileReference; explicitFileType = wrapper.cfbundle; includeInIndex = 0; path = VinnerAirSenseTests.xctest; sourceTree = BUILT_PRODUCTS_DIR; };
		04915EB325AD91FF0069EB78 /* VinnerAirSenseTests.swift */ = {isa = PBXFileReference; lastKnownFileType = sourcecode.swift; path = VinnerAirSenseTests.swift; sourceTree = "<group>"; };
		04915EB525AD91FF0069EB78 /* Info.plist */ = {isa = PBXFileReference; lastKnownFileType = text.plist.xml; path = Info.plist; sourceTree = "<group>"; };
		04915EBA25AD91FF0069EB78 /* VinnerAirSenseUITests.xctest */ = {isa = PBXFileReference; explicitFileType = wrapper.cfbundle; includeInIndex = 0; path = VinnerAirSenseUITests.xctest; sourceTree = BUILT_PRODUCTS_DIR; };
		04915EBE25AD91FF0069EB78 /* VinnerAirSenseUITests.swift */ = {isa = PBXFileReference; lastKnownFileType = sourcecode.swift; path = VinnerAirSenseUITests.swift; sourceTree = "<group>"; };
		04915EC025AD92000069EB78 /* Info.plist */ = {isa = PBXFileReference; lastKnownFileType = text.plist.xml; path = Info.plist; sourceTree = "<group>"; };
		04915EE925AD987A0069EB78 /* SignInViewController.swift */ = {isa = PBXFileReference; lastKnownFileType = sourcecode.swift; path = SignInViewController.swift; sourceTree = "<group>"; };
		04915EEE25AD98F70069EB78 /* HomeViewController.swift */ = {isa = PBXFileReference; lastKnownFileType = sourcecode.swift; path = HomeViewController.swift; sourceTree = "<group>"; };
		04915EF625ADB8740069EB78 /* Home1CollectionViewCell.swift */ = {isa = PBXFileReference; lastKnownFileType = sourcecode.swift; path = Home1CollectionViewCell.swift; sourceTree = "<group>"; };
		04915EFB25ADB8810069EB78 /* Home2CollectionViewCell.swift */ = {isa = PBXFileReference; lastKnownFileType = sourcecode.swift; path = Home2CollectionViewCell.swift; sourceTree = "<group>"; };
		04915F0025ADB9830069EB78 /* Home3CollectionViewCell.swift */ = {isa = PBXFileReference; lastKnownFileType = sourcecode.swift; path = Home3CollectionViewCell.swift; sourceTree = "<group>"; };
		0496187725E8BB3100577C2C /* ColorResponseModel.swift */ = {isa = PBXFileReference; lastKnownFileType = sourcecode.swift; path = ColorResponseModel.swift; sourceTree = "<group>"; };
		04AC12D925D7079700D6F32C /* ProfileViewController.swift */ = {isa = PBXFileReference; lastKnownFileType = sourcecode.swift; path = ProfileViewController.swift; sourceTree = "<group>"; };
		04AF2CC5261D834C00A8735D /* GoogleService-Info.plist */ = {isa = PBXFileReference; fileEncoding = 4; lastKnownFileType = text.plist.xml; path = "GoogleService-Info.plist"; sourceTree = "<group>"; };
		04B9E1BE25E64B7E00E49C98 /* ScanQRViewController.swift */ = {isa = PBXFileReference; lastKnownFileType = sourcecode.swift; path = ScanQRViewController.swift; sourceTree = "<group>"; };
		04BA16B725DA3BF6006D2838 /* HomePopUpViewController.swift */ = {isa = PBXFileReference; lastKnownFileType = sourcecode.swift; path = HomePopUpViewController.swift; sourceTree = "<group>"; };
		04BA188425DA7440006D2838 /* HomePopUp1CollectionViewCell.swift */ = {isa = PBXFileReference; lastKnownFileType = sourcecode.swift; path = HomePopUp1CollectionViewCell.swift; sourceTree = "<group>"; };
		04BA188925DA7474006D2838 /* HomePopUp3CollectionViewCell.swift */ = {isa = PBXFileReference; lastKnownFileType = sourcecode.swift; path = HomePopUp3CollectionViewCell.swift; sourceTree = "<group>"; };
		04BA18DB25DAAFDD006D2838 /* signOutResponse.swift */ = {isa = PBXFileReference; lastKnownFileType = sourcecode.swift; path = signOutResponse.swift; sourceTree = "<group>"; };
		04BA3D3125C1360D0016DC8A /* SocketClass.swift */ = {isa = PBXFileReference; lastKnownFileType = sourcecode.swift; path = SocketClass.swift; sourceTree = "<group>"; };
		04C3B67025D1554800F437A9 /* TCPClient.swift */ = {isa = PBXFileReference; lastKnownFileType = sourcecode.swift; path = TCPClient.swift; sourceTree = "<group>"; };
		04CC37CB25CA92C400EECEA2 /* ExtensionClass.swift */ = {isa = PBXFileReference; fileEncoding = 4; lastKnownFileType = sourcecode.swift; path = ExtensionClass.swift; sourceTree = "<group>"; };
		04CC37D025CA92E300EECEA2 /* Constants.swift */ = {isa = PBXFileReference; fileEncoding = 4; lastKnownFileType = sourcecode.swift; path = Constants.swift; sourceTree = "<group>"; };
		04CC37D525CA9EB700EECEA2 /* RegistrationResponseModel.swift */ = {isa = PBXFileReference; lastKnownFileType = sourcecode.swift; path = RegistrationResponseModel.swift; sourceTree = "<group>"; };
		04CC37DA25CAA03A00EECEA2 /* Reachability.swift */ = {isa = PBXFileReference; fileEncoding = 4; lastKnownFileType = sourcecode.swift; path = Reachability.swift; sourceTree = "<group>"; };
		04D30BA625D2B4330065CF25 /* NetworkExtension.framework */ = {isa = PBXFileReference; lastKnownFileType = wrapper.framework; name = NetworkExtension.framework; path = System/Library/Frameworks/NetworkExtension.framework; sourceTree = SDKROOT; };
		04DE15B125D50DA900F062AA /* RoomResponseModel.swift */ = {isa = PBXFileReference; lastKnownFileType = sourcecode.swift; path = RoomResponseModel.swift; sourceTree = "<group>"; };
		04E2681425C7CDEE00A1A327 /* VinnerAirSense.entitlements */ = {isa = PBXFileReference; lastKnownFileType = text.plist.entitlements; path = VinnerAirSense.entitlements; sourceTree = "<group>"; };
		04E2D19925D3D7FD0007D87F /* SocketDataManager.swift */ = {isa = PBXFileReference; lastKnownFileType = sourcecode.swift; path = SocketDataManager.swift; sourceTree = "<group>"; };
		04E2D19E25D3D8170007D87F /* PresenterProtocol.swift */ = {isa = PBXFileReference; lastKnownFileType = sourcecode.swift; path = PresenterProtocol.swift; sourceTree = "<group>"; };
		04E2D1C525D3D8C40007D87F /* DataSocket.swift */ = {isa = PBXFileReference; lastKnownFileType = sourcecode.swift; path = DataSocket.swift; sourceTree = "<group>"; };
		04E37281260099D400E85F6D /* AxisBase.swift */ = {isa = PBXFileReference; fileEncoding = 4; lastKnownFileType = sourcecode.swift; path = AxisBase.swift; sourceTree = "<group>"; };
		04E37286260099E800E85F6D /* ComponentBase.swift */ = {isa = PBXFileReference; fileEncoding = 4; lastKnownFileType = sourcecode.swift; path = ComponentBase.swift; sourceTree = "<group>"; };
		04E3728B26009A3A00E85F6D /* AxisValueFormatter.swift */ = {isa = PBXFileReference; fileEncoding = 4; lastKnownFileType = sourcecode.swift; path = AxisValueFormatter.swift; sourceTree = "<group>"; };
		04E372BC26009E3700E85F6D /* DefaultAxisValueFormatter.swift */ = {isa = PBXFileReference; fileEncoding = 4; lastKnownFileType = sourcecode.swift; path = DefaultAxisValueFormatter.swift; sourceTree = "<group>"; };
		04E54D6C25AEE503005240AA /* ChartColorTemplates.swift */ = {isa = PBXFileReference; fileEncoding = 4; lastKnownFileType = sourcecode.swift; path = ChartColorTemplates.swift; sourceTree = "<group>"; };
		04E54D7125AEE53E005240AA /* Platform+Color.swift */ = {isa = PBXFileReference; fileEncoding = 4; lastKnownFileType = sourcecode.swift; path = "Platform+Color.swift"; sourceTree = "<group>"; };
		04E54D8025AEE685005240AA /* BalloonMarker.swift */ = {isa = PBXFileReference; fileEncoding = 4; lastKnownFileType = sourcecode.swift; path = BalloonMarker.swift; sourceTree = "<group>"; };
		04E54D8525AEE690005240AA /* RadarMarkerView.swift */ = {isa = PBXFileReference; fileEncoding = 4; lastKnownFileType = sourcecode.swift; path = RadarMarkerView.swift; sourceTree = "<group>"; };
		04E54DAC25AEEB90005240AA /* Platform.swift */ = {isa = PBXFileReference; fileEncoding = 4; lastKnownFileType = sourcecode.swift; path = Platform.swift; sourceTree = "<group>"; };
		04E54DB625AEEEA6005240AA /* ChartLimitLine.swift */ = {isa = PBXFileReference; fileEncoding = 4; lastKnownFileType = sourcecode.swift; path = ChartLimitLine.swift; sourceTree = "<group>"; };
		04E54DBB25AEEEE3005240AA /* ChartUtils.swift */ = {isa = PBXFileReference; fileEncoding = 4; lastKnownFileType = sourcecode.swift; path = ChartUtils.swift; sourceTree = "<group>"; };
		04E54DC025AEEF13005240AA /* Sequence+KeyPath.swift */ = {isa = PBXFileReference; fileEncoding = 4; lastKnownFileType = sourcecode.swift; path = "Sequence+KeyPath.swift"; sourceTree = "<group>"; };
		04E54DC525AEEF2F005240AA /* Platform+Graphics.swift */ = {isa = PBXFileReference; fileEncoding = 4; lastKnownFileType = sourcecode.swift; path = "Platform+Graphics.swift"; sourceTree = "<group>"; };
		04ED11C9261575A900B5AFEC /* HomePopUpTableViewCell.swift */ = {isa = PBXFileReference; lastKnownFileType = sourcecode.swift; path = HomePopUpTableViewCell.swift; sourceTree = "<group>"; };
		3C1E22671294ED82B124816E /* Pods_VinnerAirSense.framework */ = {isa = PBXFileReference; explicitFileType = wrapper.framework; includeInIndex = 0; path = Pods_VinnerAirSense.framework; sourceTree = BUILT_PRODUCTS_DIR; };
		4525E9215EE33AEC9DE97D6A /* Pods-VinnerAirSense.release.xcconfig */ = {isa = PBXFileReference; includeInIndex = 1; lastKnownFileType = text.xcconfig; name = "Pods-VinnerAirSense.release.xcconfig"; path = "Target Support Files/Pods-VinnerAirSense/Pods-VinnerAirSense.release.xcconfig"; sourceTree = "<group>"; };
		4987750C8FE03870502450B9 /* Pods_VinnerAirSenseTests.framework */ = {isa = PBXFileReference; explicitFileType = wrapper.framework; includeInIndex = 0; path = Pods_VinnerAirSenseTests.framework; sourceTree = BUILT_PRODUCTS_DIR; };
		8589FA96DDC2CA3576686A39 /* Pods-VinnerAirSense-VinnerAirSenseUITests.debug.xcconfig */ = {isa = PBXFileReference; includeInIndex = 1; lastKnownFileType = text.xcconfig; name = "Pods-VinnerAirSense-VinnerAirSenseUITests.debug.xcconfig"; path = "Target Support Files/Pods-VinnerAirSense-VinnerAirSenseUITests/Pods-VinnerAirSense-VinnerAirSenseUITests.debug.xcconfig"; sourceTree = "<group>"; };
		B8C657639FE37BF870F8477C /* Pods-VinnerAirSense.debug.xcconfig */ = {isa = PBXFileReference; includeInIndex = 1; lastKnownFileType = text.xcconfig; name = "Pods-VinnerAirSense.debug.xcconfig"; path = "Target Support Files/Pods-VinnerAirSense/Pods-VinnerAirSense.debug.xcconfig"; sourceTree = "<group>"; };
		D0CE3D5F1F3A86DBF4B2267E /* Pods-VinnerAirSense-VinnerAirSenseUITests.release.xcconfig */ = {isa = PBXFileReference; includeInIndex = 1; lastKnownFileType = text.xcconfig; name = "Pods-VinnerAirSense-VinnerAirSenseUITests.release.xcconfig"; path = "Target Support Files/Pods-VinnerAirSense-VinnerAirSenseUITests/Pods-VinnerAirSense-VinnerAirSenseUITests.release.xcconfig"; sourceTree = "<group>"; };
		D37385A61ADB2B43104D1B87 /* Pods-VinnerAirSenseTests.debug.xcconfig */ = {isa = PBXFileReference; includeInIndex = 1; lastKnownFileType = text.xcconfig; name = "Pods-VinnerAirSenseTests.debug.xcconfig"; path = "Target Support Files/Pods-VinnerAirSenseTests/Pods-VinnerAirSenseTests.debug.xcconfig"; sourceTree = "<group>"; };
		E8C37E6624B33C433E5F5DAD /* Pods_VinnerAirSense_VinnerAirSenseUITests.framework */ = {isa = PBXFileReference; explicitFileType = wrapper.framework; includeInIndex = 0; path = Pods_VinnerAirSense_VinnerAirSenseUITests.framework; sourceTree = BUILT_PRODUCTS_DIR; };
		F5438513DACCC2F1E1BA3BCE /* Pods-VinnerAirSenseTests.release.xcconfig */ = {isa = PBXFileReference; includeInIndex = 1; lastKnownFileType = text.xcconfig; name = "Pods-VinnerAirSenseTests.release.xcconfig"; path = "Target Support Files/Pods-VinnerAirSenseTests/Pods-VinnerAirSenseTests.release.xcconfig"; sourceTree = "<group>"; };
		FAF844DE2608CE290025AFE9 /* ChartColors.swift */ = {isa = PBXFileReference; fileEncoding = 4; lastKnownFileType = sourcecode.swift; path = ChartColors.swift; sourceTree = "<group>"; };
		FAF844DF2608CE290025AFE9 /* ChartSeries.swift */ = {isa = PBXFileReference; fileEncoding = 4; lastKnownFileType = sourcecode.swift; path = ChartSeries.swift; sourceTree = "<group>"; };
		FAF844E02608CE290025AFE9 /* Chart.swift */ = {isa = PBXFileReference; fileEncoding = 4; lastKnownFileType = sourcecode.swift; path = Chart.swift; sourceTree = "<group>"; };
/* End PBXFileReference section */

/* Begin PBXFrameworksBuildPhase section */
		04915E9625AD91FC0069EB78 /* Frameworks */ = {
			isa = PBXFrameworksBuildPhase;
			buildActionMask = 2147483647;
			files = (
				B3D4E16458879DE3481A00F3 /* Pods_VinnerAirSense.framework in Frameworks */,
				04D30BA725D2B4330065CF25 /* NetworkExtension.framework in Frameworks */,
			);
			runOnlyForDeploymentPostprocessing = 0;
		};
		04915EAC25AD91FF0069EB78 /* Frameworks */ = {
			isa = PBXFrameworksBuildPhase;
			buildActionMask = 2147483647;
			files = (
				5E281070C2F25303BA277DF3 /* Pods_VinnerAirSenseTests.framework in Frameworks */,
			);
			runOnlyForDeploymentPostprocessing = 0;
		};
		04915EB725AD91FF0069EB78 /* Frameworks */ = {
			isa = PBXFrameworksBuildPhase;
			buildActionMask = 2147483647;
			files = (
				2205FB3F2589E860A4868F38 /* Pods_VinnerAirSense_VinnerAirSenseUITests.framework in Frameworks */,
			);
			runOnlyForDeploymentPostprocessing = 0;
		};
/* End PBXFrameworksBuildPhase section */

/* Begin PBXGroup section */
		045EF0B3260B797400DDA7CE /* AQI_API */ = {
			isa = PBXGroup;
			children = (
				045EF0B4260B799500DDA7CE /* AQIREsponseModel.swift */,
			);
			path = AQI_API;
			sourceTree = "<group>";
		};
		048DA7FD260491E500353F82 /* AddCustomRoom */ = {
			isa = PBXGroup;
			children = (
				040FC3F82604955E008726AD /* AddCustomRoomViewController.swift */,
			);
			path = AddCustomRoom;
			sourceTree = "<group>";
		};
		04915E9025AD91FC0069EB78 = {
			isa = PBXGroup;
			children = (
				04915E9B25AD91FC0069EB78 /* VinnerAirSense */,
				04915EB225AD91FF0069EB78 /* VinnerAirSenseTests */,
				04915EBD25AD91FF0069EB78 /* VinnerAirSenseUITests */,
				04915E9A25AD91FC0069EB78 /* Products */,
				96B4755A9AB058ADF03E6BFA /* Pods */,
				56C6870F09C44CB298B35F48 /* Frameworks */,
			);
			sourceTree = "<group>";
		};
		04915E9A25AD91FC0069EB78 /* Products */ = {
			isa = PBXGroup;
			children = (
				04915E9925AD91FC0069EB78 /* VinnerAirSense.app */,
				04915EAF25AD91FF0069EB78 /* VinnerAirSenseTests.xctest */,
				04915EBA25AD91FF0069EB78 /* VinnerAirSenseUITests.xctest */,
			);
			name = Products;
			sourceTree = "<group>";
		};
		04915E9B25AD91FC0069EB78 /* VinnerAirSense */ = {
			isa = PBXGroup;
			children = (
				04E2681425C7CDEE00A1A327 /* VinnerAirSense.entitlements */,
				04915E9C25AD91FC0069EB78 /* AppDelegate.swift */,
				04E2D19E25D3D8170007D87F /* PresenterProtocol.swift */,
				04E2D1C525D3D8C40007D87F /* DataSocket.swift */,
				04E2D19925D3D7FD0007D87F /* SocketDataManager.swift */,
				04C3B67025D1554800F437A9 /* TCPClient.swift */,
				04915E9E25AD91FC0069EB78 /* SceneDelegate.swift */,
				04CC37DA25CAA03A00EECEA2 /* Reachability.swift */,
				04915EA025AD91FC0069EB78 /* ViewController.swift */,
				048D907F25E7A4BC0040E1BA /* typeResponseModel.swift */,
				0496187725E8BB3100577C2C /* ColorResponseModel.swift */,
				04915EE925AD987A0069EB78 /* SignInViewController.swift */,
				046416A125CD1984004EF99B /* SignInNewViewController.swift */,
				0464171525CD424A004EF99B /* SignInResponseModel.swift */,
				0455B4CF25B02397005007F3 /* RegisterViewController.swift */,
				04CC37D525CA9EB700EECEA2 /* RegistrationResponseModel.swift */,
				048D908725E7C5EC0040E1BA /* ProfileResponseModel.swift */,
				042B6A8025ED0D7D0010CD92 /* ProfileUpRespModel.swift */,
				04AF2CC5261D834C00A8735D /* GoogleService-Info.plist */,
				04E37280260099AD00E85F6D /* Formatter  */,
				04B9E1BD25E64B6000E49C98 /* ScanQRCode */,
				0455B4D425B02AF5005007F3 /* AddDeviceViewController.swift */,
				04CC37CB25CA92C400EECEA2 /* ExtensionClass.swift */,
				0455B4D925B033EE005007F3 /* ChooseRoomViewController.swift */,
				048DA7FD260491E500353F82 /* AddCustomRoom */,
				04BA16B625DA3B73006D2838 /* HomePopUp */,
				04DE15B025D50D8C00F062AA /* ChooseRoom */,
				0455B4E325B03F37005007F3 /* ScanQrCodeViewController.swift */,
				0455B4E825B03F8C005007F3 /* SetSSIDViewController.swift */,
				04BA18DA25DAAFC3006D2838 /* SignOut */,
				04915EEE25AD98F70069EB78 /* HomeViewController.swift */,
				045EF0B3260B797400DDA7CE /* AQI_API */,
				FAF844DD2608CE0C0025AFE9 /* ChartSwift */,
				047860AA25FF942200580255 /* ApiHandler.swift */,
				041410DF25EE4E82000AEAC6 /* HomeRoomResponseModel.swift */,
				0483A38925D63EC3000A51B2 /* DefoultViewController.swift */,
				04915EF625ADB8740069EB78 /* Home1CollectionViewCell.swift */,
				04915F0025ADB9830069EB78 /* Home3CollectionViewCell.swift */,
				04915EFB25ADB8810069EB78 /* Home2CollectionViewCell.swift */,
				0455B4DE25B034A9005007F3 /* ChooseRoomTableViewCell.swift */,
				04E54D8025AEE685005240AA /* BalloonMarker.swift */,
				046C5E7725C4115C0054EFD2 /* DeviceConnectionViewController.swift */,
				04AC12D825D7078500D6F32C /* Profile */,
				04915EA225AD91FC0069EB78 /* Main.storyboard */,
				04E54D6C25AEE503005240AA /* ChartColorTemplates.swift */,
				04E54D8525AEE690005240AA /* RadarMarkerView.swift */,
				04E54D7125AEE53E005240AA /* Platform+Color.swift */,
				04E54DAC25AEEB90005240AA /* Platform.swift */,
				04E54DB625AEEEA6005240AA /* ChartLimitLine.swift */,
				04E54DC025AEEF13005240AA /* Sequence+KeyPath.swift */,
				04E54DC525AEEF2F005240AA /* Platform+Graphics.swift */,
				04E54DBB25AEEEE3005240AA /* ChartUtils.swift */,
				04CC37D025CA92E300EECEA2 /* Constants.swift */,
				04BA3D3125C1360D0016DC8A /* SocketClass.swift */,
				0464178925CD6D07004EF99B /* SharedDefault.swift */,
				04915EA525AD91FF0069EB78 /* Assets.xcassets */,
				04915EA725AD91FF0069EB78 /* LaunchScreen.storyboard */,
				04915EAA25AD91FF0069EB78 /* Info.plist */,
			);
			path = VinnerAirSense;
			sourceTree = "<group>";
		};
		04915EB225AD91FF0069EB78 /* VinnerAirSenseTests */ = {
			isa = PBXGroup;
			children = (
				04915EB325AD91FF0069EB78 /* VinnerAirSenseTests.swift */,
				04915EB525AD91FF0069EB78 /* Info.plist */,
			);
			path = VinnerAirSenseTests;
			sourceTree = "<group>";
		};
		04915EBD25AD91FF0069EB78 /* VinnerAirSenseUITests */ = {
			isa = PBXGroup;
			children = (
				04915EBE25AD91FF0069EB78 /* VinnerAirSenseUITests.swift */,
				04915EC025AD92000069EB78 /* Info.plist */,
			);
			path = VinnerAirSenseUITests;
			sourceTree = "<group>";
		};
		04AC12D825D7078500D6F32C /* Profile */ = {
			isa = PBXGroup;
			children = (
				04AC12D925D7079700D6F32C /* ProfileViewController.swift */,
			);
			path = Profile;
			sourceTree = "<group>";
		};
		04B9E1BD25E64B6000E49C98 /* ScanQRCode */ = {
			isa = PBXGroup;
			children = (
				04B9E1BE25E64B7E00E49C98 /* ScanQRViewController.swift */,
			);
			path = ScanQRCode;
			sourceTree = "<group>";
		};
		04BA16B625DA3B73006D2838 /* HomePopUp */ = {
			isa = PBXGroup;
			children = (
				04BA16B725DA3BF6006D2838 /* HomePopUpViewController.swift */,
				04ED11C9261575A900B5AFEC /* HomePopUpTableViewCell.swift */,
				04BA188425DA7440006D2838 /* HomePopUp1CollectionViewCell.swift */,
				04BA188925DA7474006D2838 /* HomePopUp3CollectionViewCell.swift */,
			);
			path = HomePopUp;
			sourceTree = "<group>";
		};
		04BA18DA25DAAFC3006D2838 /* SignOut */ = {
			isa = PBXGroup;
			children = (
				04BA18DB25DAAFDD006D2838 /* signOutResponse.swift */,
			);
			path = SignOut;
			sourceTree = "<group>";
		};
		04DE15B025D50D8C00F062AA /* ChooseRoom */ = {
			isa = PBXGroup;
			children = (
				04DE15B125D50DA900F062AA /* RoomResponseModel.swift */,
			);
			path = ChooseRoom;
			sourceTree = "<group>";
		};
		04E37280260099AD00E85F6D /* Formatter  */ = {
			isa = PBXGroup;
			children = (
				04E372BC26009E3700E85F6D /* DefaultAxisValueFormatter.swift */,
				04E37281260099D400E85F6D /* AxisBase.swift */,
				04E3728B26009A3A00E85F6D /* AxisValueFormatter.swift */,
				04E37286260099E800E85F6D /* ComponentBase.swift */,
			);
			path = "Formatter ";
			sourceTree = "<group>";
		};
		56C6870F09C44CB298B35F48 /* Frameworks */ = {
			isa = PBXGroup;
			children = (
				04D30BA625D2B4330065CF25 /* NetworkExtension.framework */,
				3C1E22671294ED82B124816E /* Pods_VinnerAirSense.framework */,
				E8C37E6624B33C433E5F5DAD /* Pods_VinnerAirSense_VinnerAirSenseUITests.framework */,
				4987750C8FE03870502450B9 /* Pods_VinnerAirSenseTests.framework */,
			);
			name = Frameworks;
			sourceTree = "<group>";
		};
		96B4755A9AB058ADF03E6BFA /* Pods */ = {
			isa = PBXGroup;
			children = (
				B8C657639FE37BF870F8477C /* Pods-VinnerAirSense.debug.xcconfig */,
				4525E9215EE33AEC9DE97D6A /* Pods-VinnerAirSense.release.xcconfig */,
				8589FA96DDC2CA3576686A39 /* Pods-VinnerAirSense-VinnerAirSenseUITests.debug.xcconfig */,
				D0CE3D5F1F3A86DBF4B2267E /* Pods-VinnerAirSense-VinnerAirSenseUITests.release.xcconfig */,
				D37385A61ADB2B43104D1B87 /* Pods-VinnerAirSenseTests.debug.xcconfig */,
				F5438513DACCC2F1E1BA3BCE /* Pods-VinnerAirSenseTests.release.xcconfig */,
			);
			path = Pods;
			sourceTree = "<group>";
		};
		FAF844DD2608CE0C0025AFE9 /* ChartSwift */ = {
			isa = PBXGroup;
			children = (
				FAF844E02608CE290025AFE9 /* Chart.swift */,
				FAF844DE2608CE290025AFE9 /* ChartColors.swift */,
				FAF844DF2608CE290025AFE9 /* ChartSeries.swift */,
			);
			path = ChartSwift;
			sourceTree = "<group>";
		};
/* End PBXGroup section */

/* Begin PBXNativeTarget section */
		04915E9825AD91FC0069EB78 /* VinnerAirSense */ = {
			isa = PBXNativeTarget;
			buildConfigurationList = 04915EC325AD92000069EB78 /* Build configuration list for PBXNativeTarget "VinnerAirSense" */;
			buildPhases = (
				3ABA552094EA32904C22472F /* [CP] Check Pods Manifest.lock */,
				04915E9525AD91FC0069EB78 /* Sources */,
				04915E9625AD91FC0069EB78 /* Frameworks */,
				04915E9725AD91FC0069EB78 /* Resources */,
				8D6585DA77DD9BDCEDB392A8 /* [CP] Embed Pods Frameworks */,
				8F017B9E1EE8C2F826BD526F /* [CP] Copy Pods Resources */,
			);
			buildRules = (
			);
			dependencies = (
			);
			name = VinnerAirSense;
			productName = VinnerAirSense;
			productReference = 04915E9925AD91FC0069EB78 /* VinnerAirSense.app */;
			productType = "com.apple.product-type.application";
		};
		04915EAE25AD91FF0069EB78 /* VinnerAirSenseTests */ = {
			isa = PBXNativeTarget;
			buildConfigurationList = 04915EC625AD92000069EB78 /* Build configuration list for PBXNativeTarget "VinnerAirSenseTests" */;
			buildPhases = (
				E0CDC030702956552F0F6E6E /* [CP] Check Pods Manifest.lock */,
				04915EAB25AD91FF0069EB78 /* Sources */,
				04915EAC25AD91FF0069EB78 /* Frameworks */,
				04915EAD25AD91FF0069EB78 /* Resources */,
			);
			buildRules = (
			);
			dependencies = (
				04915EB125AD91FF0069EB78 /* PBXTargetDependency */,
			);
			name = VinnerAirSenseTests;
			productName = VinnerAirSenseTests;
			productReference = 04915EAF25AD91FF0069EB78 /* VinnerAirSenseTests.xctest */;
			productType = "com.apple.product-type.bundle.unit-test";
		};
		04915EB925AD91FF0069EB78 /* VinnerAirSenseUITests */ = {
			isa = PBXNativeTarget;
			buildConfigurationList = 04915EC925AD92000069EB78 /* Build configuration list for PBXNativeTarget "VinnerAirSenseUITests" */;
			buildPhases = (
				3DA9D8F0E3DCB1F209371612 /* [CP] Check Pods Manifest.lock */,
				04915EB625AD91FF0069EB78 /* Sources */,
				04915EB725AD91FF0069EB78 /* Frameworks */,
				04915EB825AD91FF0069EB78 /* Resources */,
				04E4EB93762786A5E1FA9123 /* [CP] Embed Pods Frameworks */,
				D66F4E6AD231C3A8D5D502A0 /* [CP] Copy Pods Resources */,
			);
			buildRules = (
			);
			dependencies = (
				04915EBC25AD91FF0069EB78 /* PBXTargetDependency */,
			);
			name = VinnerAirSenseUITests;
			productName = VinnerAirSenseUITests;
			productReference = 04915EBA25AD91FF0069EB78 /* VinnerAirSenseUITests.xctest */;
			productType = "com.apple.product-type.bundle.ui-testing";
		};
/* End PBXNativeTarget section */

/* Begin PBXProject section */
		04915E9125AD91FC0069EB78 /* Project object */ = {
			isa = PBXProject;
			attributes = {
				LastSwiftUpdateCheck = 1220;
				LastUpgradeCheck = 1220;
				TargetAttributes = {
					04915E9825AD91FC0069EB78 = {
						CreatedOnToolsVersion = 12.2;
					};
					04915EAE25AD91FF0069EB78 = {
						CreatedOnToolsVersion = 12.2;
						TestTargetID = 04915E9825AD91FC0069EB78;
					};
					04915EB925AD91FF0069EB78 = {
						CreatedOnToolsVersion = 12.2;
						TestTargetID = 04915E9825AD91FC0069EB78;
					};
				};
			};
			buildConfigurationList = 04915E9425AD91FC0069EB78 /* Build configuration list for PBXProject "VinnerAirSense" */;
			compatibilityVersion = "Xcode 9.3";
			developmentRegion = en;
			hasScannedForEncodings = 0;
			knownRegions = (
				en,
				Base,
			);
			mainGroup = 04915E9025AD91FC0069EB78;
			productRefGroup = 04915E9A25AD91FC0069EB78 /* Products */;
			projectDirPath = "";
			projectRoot = "";
			targets = (
				04915E9825AD91FC0069EB78 /* VinnerAirSense */,
				04915EAE25AD91FF0069EB78 /* VinnerAirSenseTests */,
				04915EB925AD91FF0069EB78 /* VinnerAirSenseUITests */,
			);
		};
/* End PBXProject section */

/* Begin PBXResourcesBuildPhase section */
		04915E9725AD91FC0069EB78 /* Resources */ = {
			isa = PBXResourcesBuildPhase;
			buildActionMask = 2147483647;
			files = (
				04915EA925AD91FF0069EB78 /* LaunchScreen.storyboard in Resources */,
				04AF2CC6261D834C00A8735D /* GoogleService-Info.plist in Resources */,
				04915EA625AD91FF0069EB78 /* Assets.xcassets in Resources */,
				04915EA425AD91FC0069EB78 /* Main.storyboard in Resources */,
			);
			runOnlyForDeploymentPostprocessing = 0;
		};
		04915EAD25AD91FF0069EB78 /* Resources */ = {
			isa = PBXResourcesBuildPhase;
			buildActionMask = 2147483647;
			files = (
			);
			runOnlyForDeploymentPostprocessing = 0;
		};
		04915EB825AD91FF0069EB78 /* Resources */ = {
			isa = PBXResourcesBuildPhase;
			buildActionMask = 2147483647;
			files = (
			);
			runOnlyForDeploymentPostprocessing = 0;
		};
/* End PBXResourcesBuildPhase section */

/* Begin PBXShellScriptBuildPhase section */
		04E4EB93762786A5E1FA9123 /* [CP] Embed Pods Frameworks */ = {
			isa = PBXShellScriptBuildPhase;
			buildActionMask = 2147483647;
			files = (
			);
			inputFileListPaths = (
				"${PODS_ROOT}/Target Support Files/Pods-VinnerAirSense-VinnerAirSenseUITests/Pods-VinnerAirSense-VinnerAirSenseUITests-frameworks-${CONFIGURATION}-input-files.xcfilelist",
			);
			name = "[CP] Embed Pods Frameworks";
			outputFileListPaths = (
				"${PODS_ROOT}/Target Support Files/Pods-VinnerAirSense-VinnerAirSenseUITests/Pods-VinnerAirSense-VinnerAirSenseUITests-frameworks-${CONFIGURATION}-output-files.xcfilelist",
			);
			runOnlyForDeploymentPostprocessing = 0;
			shellPath = /bin/sh;
			shellScript = "\"${PODS_ROOT}/Target Support Files/Pods-VinnerAirSense-VinnerAirSenseUITests/Pods-VinnerAirSense-VinnerAirSenseUITests-frameworks.sh\"\n";
			showEnvVarsInLog = 0;
		};
		3ABA552094EA32904C22472F /* [CP] Check Pods Manifest.lock */ = {
			isa = PBXShellScriptBuildPhase;
			buildActionMask = 2147483647;
			files = (
			);
			inputFileListPaths = (
			);
			inputPaths = (
				"${PODS_PODFILE_DIR_PATH}/Podfile.lock",
				"${PODS_ROOT}/Manifest.lock",
			);
			name = "[CP] Check Pods Manifest.lock";
			outputFileListPaths = (
			);
			outputPaths = (
				"$(DERIVED_FILE_DIR)/Pods-VinnerAirSense-checkManifestLockResult.txt",
			);
			runOnlyForDeploymentPostprocessing = 0;
			shellPath = /bin/sh;
			shellScript = "diff \"${PODS_PODFILE_DIR_PATH}/Podfile.lock\" \"${PODS_ROOT}/Manifest.lock\" > /dev/null\nif [ $? != 0 ] ; then\n    # print error to STDERR\n    echo \"error: The sandbox is not in sync with the Podfile.lock. Run 'pod install' or update your CocoaPods installation.\" >&2\n    exit 1\nfi\n# This output is used by Xcode 'outputs' to avoid re-running this script phase.\necho \"SUCCESS\" > \"${SCRIPT_OUTPUT_FILE_0}\"\n";
			showEnvVarsInLog = 0;
		};
		3DA9D8F0E3DCB1F209371612 /* [CP] Check Pods Manifest.lock */ = {
			isa = PBXShellScriptBuildPhase;
			buildActionMask = 2147483647;
			files = (
			);
			inputFileListPaths = (
			);
			inputPaths = (
				"${PODS_PODFILE_DIR_PATH}/Podfile.lock",
				"${PODS_ROOT}/Manifest.lock",
			);
			name = "[CP] Check Pods Manifest.lock";
			outputFileListPaths = (
			);
			outputPaths = (
				"$(DERIVED_FILE_DIR)/Pods-VinnerAirSense-VinnerAirSenseUITests-checkManifestLockResult.txt",
			);
			runOnlyForDeploymentPostprocessing = 0;
			shellPath = /bin/sh;
			shellScript = "diff \"${PODS_PODFILE_DIR_PATH}/Podfile.lock\" \"${PODS_ROOT}/Manifest.lock\" > /dev/null\nif [ $? != 0 ] ; then\n    # print error to STDERR\n    echo \"error: The sandbox is not in sync with the Podfile.lock. Run 'pod install' or update your CocoaPods installation.\" >&2\n    exit 1\nfi\n# This output is used by Xcode 'outputs' to avoid re-running this script phase.\necho \"SUCCESS\" > \"${SCRIPT_OUTPUT_FILE_0}\"\n";
			showEnvVarsInLog = 0;
		};
		8D6585DA77DD9BDCEDB392A8 /* [CP] Embed Pods Frameworks */ = {
			isa = PBXShellScriptBuildPhase;
			buildActionMask = 2147483647;
			files = (
			);
			inputFileListPaths = (
				"${PODS_ROOT}/Target Support Files/Pods-VinnerAirSense/Pods-VinnerAirSense-frameworks-${CONFIGURATION}-input-files.xcfilelist",
			);
			name = "[CP] Embed Pods Frameworks";
			outputFileListPaths = (
				"${PODS_ROOT}/Target Support Files/Pods-VinnerAirSense/Pods-VinnerAirSense-frameworks-${CONFIGURATION}-output-files.xcfilelist",
			);
			runOnlyForDeploymentPostprocessing = 0;
			shellPath = /bin/sh;
			shellScript = "\"${PODS_ROOT}/Target Support Files/Pods-VinnerAirSense/Pods-VinnerAirSense-frameworks.sh\"\n";
			showEnvVarsInLog = 0;
		};
		8F017B9E1EE8C2F826BD526F /* [CP] Copy Pods Resources */ = {
			isa = PBXShellScriptBuildPhase;
			buildActionMask = 2147483647;
			files = (
			);
			inputFileListPaths = (
				"${PODS_ROOT}/Target Support Files/Pods-VinnerAirSense/Pods-VinnerAirSense-resources-${CONFIGURATION}-input-files.xcfilelist",
			);
			name = "[CP] Copy Pods Resources";
			outputFileListPaths = (
				"${PODS_ROOT}/Target Support Files/Pods-VinnerAirSense/Pods-VinnerAirSense-resources-${CONFIGURATION}-output-files.xcfilelist",
			);
			runOnlyForDeploymentPostprocessing = 0;
			shellPath = /bin/sh;
			shellScript = "\"${PODS_ROOT}/Target Support Files/Pods-VinnerAirSense/Pods-VinnerAirSense-resources.sh\"\n";
			showEnvVarsInLog = 0;
		};
		D66F4E6AD231C3A8D5D502A0 /* [CP] Copy Pods Resources */ = {
			isa = PBXShellScriptBuildPhase;
			buildActionMask = 2147483647;
			files = (
			);
			inputFileListPaths = (
				"${PODS_ROOT}/Target Support Files/Pods-VinnerAirSense-VinnerAirSenseUITests/Pods-VinnerAirSense-VinnerAirSenseUITests-resources-${CONFIGURATION}-input-files.xcfilelist",
			);
			name = "[CP] Copy Pods Resources";
			outputFileListPaths = (
				"${PODS_ROOT}/Target Support Files/Pods-VinnerAirSense-VinnerAirSenseUITests/Pods-VinnerAirSense-VinnerAirSenseUITests-resources-${CONFIGURATION}-output-files.xcfilelist",
			);
			runOnlyForDeploymentPostprocessing = 0;
			shellPath = /bin/sh;
			shellScript = "\"${PODS_ROOT}/Target Support Files/Pods-VinnerAirSense-VinnerAirSenseUITests/Pods-VinnerAirSense-VinnerAirSenseUITests-resources.sh\"\n";
			showEnvVarsInLog = 0;
		};
		E0CDC030702956552F0F6E6E /* [CP] Check Pods Manifest.lock */ = {
			isa = PBXShellScriptBuildPhase;
			buildActionMask = 2147483647;
			files = (
			);
			inputFileListPaths = (
			);
			inputPaths = (
				"${PODS_PODFILE_DIR_PATH}/Podfile.lock",
				"${PODS_ROOT}/Manifest.lock",
			);
			name = "[CP] Check Pods Manifest.lock";
			outputFileListPaths = (
			);
			outputPaths = (
				"$(DERIVED_FILE_DIR)/Pods-VinnerAirSenseTests-checkManifestLockResult.txt",
			);
			runOnlyForDeploymentPostprocessing = 0;
			shellPath = /bin/sh;
			shellScript = "diff \"${PODS_PODFILE_DIR_PATH}/Podfile.lock\" \"${PODS_ROOT}/Manifest.lock\" > /dev/null\nif [ $? != 0 ] ; then\n    # print error to STDERR\n    echo \"error: The sandbox is not in sync with the Podfile.lock. Run 'pod install' or update your CocoaPods installation.\" >&2\n    exit 1\nfi\n# This output is used by Xcode 'outputs' to avoid re-running this script phase.\necho \"SUCCESS\" > \"${SCRIPT_OUTPUT_FILE_0}\"\n";
			showEnvVarsInLog = 0;
		};
/* End PBXShellScriptBuildPhase section */

/* Begin PBXSourcesBuildPhase section */
		04915E9525AD91FC0069EB78 /* Sources */ = {
			isa = PBXSourcesBuildPhase;
			buildActionMask = 2147483647;
			files = (
				0455B4E925B03F8C005007F3 /* SetSSIDViewController.swift in Sources */,
				0455B4DA25B033EE005007F3 /* ChooseRoomViewController.swift in Sources */,
				046C5E7825C4115C0054EFD2 /* DeviceConnectionViewController.swift in Sources */,
				04915EEF25AD98F70069EB78 /* HomeViewController.swift in Sources */,
				FAF844E32608CE290025AFE9 /* Chart.swift in Sources */,
				04E2D19F25D3D8170007D87F /* PresenterProtocol.swift in Sources */,
				04E54D8625AEE690005240AA /* RadarMarkerView.swift in Sources */,
				0496187825E8BB3100577C2C /* ColorResponseModel.swift in Sources */,
				04AC12DA25D7079700D6F32C /* ProfileViewController.swift in Sources */,
				048D908825E7C5EC0040E1BA /* ProfileResponseModel.swift in Sources */,
				042B6A8125ED0D7D0010CD92 /* ProfileUpRespModel.swift in Sources */,
				04BA18DC25DAAFDD006D2838 /* signOutResponse.swift in Sources */,
				04B9E1BF25E64B7E00E49C98 /* ScanQRViewController.swift in Sources */,
				04CC37DB25CAA03A00EECEA2 /* Reachability.swift in Sources */,
				04E372BD26009E3700E85F6D /* DefaultAxisValueFormatter.swift in Sources */,
				04E54DB725AEEEA7005240AA /* ChartLimitLine.swift in Sources */,
				04DE15B225D50DA900F062AA /* RoomResponseModel.swift in Sources */,
				04CC37D125CA92E300EECEA2 /* Constants.swift in Sources */,
				047860AB25FF942200580255 /* ApiHandler.swift in Sources */,
				040FC3F92604955E008726AD /* AddCustomRoomViewController.swift in Sources */,
				04E54DAD25AEEB90005240AA /* Platform.swift in Sources */,
				04CC37CC25CA92C400EECEA2 /* ExtensionClass.swift in Sources */,
				045EF0B5260B799500DDA7CE /* AQIREsponseModel.swift in Sources */,
				04E54DC125AEEF13005240AA /* Sequence+KeyPath.swift in Sources */,
				0464171625CD424A004EF99B /* SignInResponseModel.swift in Sources */,
				04915EEA25AD987A0069EB78 /* SignInViewController.swift in Sources */,
				FAF844E12608CE290025AFE9 /* ChartColors.swift in Sources */,
				04E54D6D25AEE503005240AA /* ChartColorTemplates.swift in Sources */,
				04915EA125AD91FC0069EB78 /* ViewController.swift in Sources */,
				04E54D8125AEE685005240AA /* BalloonMarker.swift in Sources */,
				048D908025E7A4BD0040E1BA /* typeResponseModel.swift in Sources */,
				0455B4E425B03F37005007F3 /* ScanQrCodeViewController.swift in Sources */,
				04915F0125ADB9830069EB78 /* Home3CollectionViewCell.swift in Sources */,
				04E54DBC25AEEEE3005240AA /* ChartUtils.swift in Sources */,
				04915EFC25ADB8810069EB78 /* Home2CollectionViewCell.swift in Sources */,
				04CC37D625CA9EB700EECEA2 /* RegistrationResponseModel.swift in Sources */,
				0455B4DF25B034A9005007F3 /* ChooseRoomTableViewCell.swift in Sources */,
				04E2D1C625D3D8C40007D87F /* DataSocket.swift in Sources */,
				04E37282260099D400E85F6D /* AxisBase.swift in Sources */,
				04ED11CA261575A900B5AFEC /* HomePopUpTableViewCell.swift in Sources */,
				0455B4D025B02397005007F3 /* RegisterViewController.swift in Sources */,
				04E37287260099E800E85F6D /* ComponentBase.swift in Sources */,
				04BA188A25DA7474006D2838 /* HomePopUp3CollectionViewCell.swift in Sources */,
				04E54D7225AEE53E005240AA /* Platform+Color.swift in Sources */,
				0455B4D525B02AF5005007F3 /* AddDeviceViewController.swift in Sources */,
				04915EF725ADB8740069EB78 /* Home1CollectionViewCell.swift in Sources */,
				0464178A25CD6F65004EF99B /* SharedDefault.swift in Sources */,
				04BA188525DA7440006D2838 /* HomePopUp1CollectionViewCell.swift in Sources */,
				04915E9D25AD91FC0069EB78 /* AppDelegate.swift in Sources */,
				046416A225CD1984004EF99B /* SignInNewViewController.swift in Sources */,
				04915E9F25AD91FC0069EB78 /* SceneDelegate.swift in Sources */,
				04BA3D3225C1360D0016DC8A /* SocketClass.swift in Sources */,
				04E2D19A25D3D7FD0007D87F /* SocketDataManager.swift in Sources */,
				04BA16B825DA3BF6006D2838 /* HomePopUpViewController.swift in Sources */,
				0483A38A25D63EC3000A51B2 /* DefoultViewController.swift in Sources */,
				041410E025EE4E82000AEAC6 /* HomeRoomResponseModel.swift in Sources */,
				04E3728C26009A3A00E85F6D /* AxisValueFormatter.swift in Sources */,
				FAF844E22608CE290025AFE9 /* ChartSeries.swift in Sources */,
				04C3B67125D1554800F437A9 /* TCPClient.swift in Sources */,
				04E54DC625AEEF2F005240AA /* Platform+Graphics.swift in Sources */,
			);
			runOnlyForDeploymentPostprocessing = 0;
		};
		04915EAB25AD91FF0069EB78 /* Sources */ = {
			isa = PBXSourcesBuildPhase;
			buildActionMask = 2147483647;
			files = (
				04915EB425AD91FF0069EB78 /* VinnerAirSenseTests.swift in Sources */,
			);
			runOnlyForDeploymentPostprocessing = 0;
		};
		04915EB625AD91FF0069EB78 /* Sources */ = {
			isa = PBXSourcesBuildPhase;
			buildActionMask = 2147483647;
			files = (
				04915EBF25AD91FF0069EB78 /* VinnerAirSenseUITests.swift in Sources */,
			);
			runOnlyForDeploymentPostprocessing = 0;
		};
/* End PBXSourcesBuildPhase section */

/* Begin PBXTargetDependency section */
		04915EB125AD91FF0069EB78 /* PBXTargetDependency */ = {
			isa = PBXTargetDependency;
			target = 04915E9825AD91FC0069EB78 /* VinnerAirSense */;
			targetProxy = 04915EB025AD91FF0069EB78 /* PBXContainerItemProxy */;
		};
		04915EBC25AD91FF0069EB78 /* PBXTargetDependency */ = {
			isa = PBXTargetDependency;
			target = 04915E9825AD91FC0069EB78 /* VinnerAirSense */;
			targetProxy = 04915EBB25AD91FF0069EB78 /* PBXContainerItemProxy */;
		};
/* End PBXTargetDependency section */

/* Begin PBXVariantGroup section */
		04915EA225AD91FC0069EB78 /* Main.storyboard */ = {
			isa = PBXVariantGroup;
			children = (
				04915EA325AD91FC0069EB78 /* Base */,
			);
			name = Main.storyboard;
			sourceTree = "<group>";
		};
		04915EA725AD91FF0069EB78 /* LaunchScreen.storyboard */ = {
			isa = PBXVariantGroup;
			children = (
				04915EA825AD91FF0069EB78 /* Base */,
			);
			name = LaunchScreen.storyboard;
			sourceTree = "<group>";
		};
/* End PBXVariantGroup section */

/* Begin XCBuildConfiguration section */
		04915EC125AD92000069EB78 /* Debug */ = {
			isa = XCBuildConfiguration;
			buildSettings = {
				ALWAYS_SEARCH_USER_PATHS = NO;
				CLANG_ANALYZER_NONNULL = YES;
				CLANG_ANALYZER_NUMBER_OBJECT_CONVERSION = YES_AGGRESSIVE;
				CLANG_CXX_LANGUAGE_STANDARD = "gnu++14";
				CLANG_CXX_LIBRARY = "libc++";
				CLANG_ENABLE_MODULES = YES;
				CLANG_ENABLE_OBJC_ARC = YES;
				CLANG_ENABLE_OBJC_WEAK = YES;
				CLANG_WARN_BLOCK_CAPTURE_AUTORELEASING = YES;
				CLANG_WARN_BOOL_CONVERSION = YES;
				CLANG_WARN_COMMA = YES;
				CLANG_WARN_CONSTANT_CONVERSION = YES;
				CLANG_WARN_DEPRECATED_OBJC_IMPLEMENTATIONS = YES;
				CLANG_WARN_DIRECT_OBJC_ISA_USAGE = YES_ERROR;
				CLANG_WARN_DOCUMENTATION_COMMENTS = YES;
				CLANG_WARN_EMPTY_BODY = YES;
				CLANG_WARN_ENUM_CONVERSION = YES;
				CLANG_WARN_INFINITE_RECURSION = YES;
				CLANG_WARN_INT_CONVERSION = YES;
				CLANG_WARN_NON_LITERAL_NULL_CONVERSION = YES;
				CLANG_WARN_OBJC_IMPLICIT_RETAIN_SELF = YES;
				CLANG_WARN_OBJC_LITERAL_CONVERSION = YES;
				CLANG_WARN_OBJC_ROOT_CLASS = YES_ERROR;
				CLANG_WARN_QUOTED_INCLUDE_IN_FRAMEWORK_HEADER = YES;
				CLANG_WARN_RANGE_LOOP_ANALYSIS = YES;
				CLANG_WARN_STRICT_PROTOTYPES = YES;
				CLANG_WARN_SUSPICIOUS_MOVE = YES;
				CLANG_WARN_UNGUARDED_AVAILABILITY = YES_AGGRESSIVE;
				CLANG_WARN_UNREACHABLE_CODE = YES;
				CLANG_WARN__DUPLICATE_METHOD_MATCH = YES;
				COPY_PHASE_STRIP = NO;
				DEBUG_INFORMATION_FORMAT = dwarf;
				ENABLE_STRICT_OBJC_MSGSEND = YES;
				ENABLE_TESTABILITY = YES;
				GCC_C_LANGUAGE_STANDARD = gnu11;
				GCC_DYNAMIC_NO_PIC = NO;
				GCC_NO_COMMON_BLOCKS = YES;
				GCC_OPTIMIZATION_LEVEL = 0;
				GCC_PREPROCESSOR_DEFINITIONS = (
					"DEBUG=1",
					"$(inherited)",
				);
				GCC_WARN_64_TO_32_BIT_CONVERSION = YES;
				GCC_WARN_ABOUT_RETURN_TYPE = YES_ERROR;
				GCC_WARN_UNDECLARED_SELECTOR = YES;
				GCC_WARN_UNINITIALIZED_AUTOS = YES_AGGRESSIVE;
				GCC_WARN_UNUSED_FUNCTION = YES;
				GCC_WARN_UNUSED_VARIABLE = YES;
				IPHONEOS_DEPLOYMENT_TARGET = 11.0;
				MTL_ENABLE_DEBUG_INFO = INCLUDE_SOURCE;
				MTL_FAST_MATH = YES;
				ONLY_ACTIVE_ARCH = YES;
				SDKROOT = iphoneos;
				SWIFT_ACTIVE_COMPILATION_CONDITIONS = DEBUG;
				SWIFT_OPTIMIZATION_LEVEL = "-Onone";
			};
			name = Debug;
		};
		04915EC225AD92000069EB78 /* Release */ = {
			isa = XCBuildConfiguration;
			buildSettings = {
				ALWAYS_SEARCH_USER_PATHS = NO;
				CLANG_ANALYZER_NONNULL = YES;
				CLANG_ANALYZER_NUMBER_OBJECT_CONVERSION = YES_AGGRESSIVE;
				CLANG_CXX_LANGUAGE_STANDARD = "gnu++14";
				CLANG_CXX_LIBRARY = "libc++";
				CLANG_ENABLE_MODULES = YES;
				CLANG_ENABLE_OBJC_ARC = YES;
				CLANG_ENABLE_OBJC_WEAK = YES;
				CLANG_WARN_BLOCK_CAPTURE_AUTORELEASING = YES;
				CLANG_WARN_BOOL_CONVERSION = YES;
				CLANG_WARN_COMMA = YES;
				CLANG_WARN_CONSTANT_CONVERSION = YES;
				CLANG_WARN_DEPRECATED_OBJC_IMPLEMENTATIONS = YES;
				CLANG_WARN_DIRECT_OBJC_ISA_USAGE = YES_ERROR;
				CLANG_WARN_DOCUMENTATION_COMMENTS = YES;
				CLANG_WARN_EMPTY_BODY = YES;
				CLANG_WARN_ENUM_CONVERSION = YES;
				CLANG_WARN_INFINITE_RECURSION = YES;
				CLANG_WARN_INT_CONVERSION = YES;
				CLANG_WARN_NON_LITERAL_NULL_CONVERSION = YES;
				CLANG_WARN_OBJC_IMPLICIT_RETAIN_SELF = YES;
				CLANG_WARN_OBJC_LITERAL_CONVERSION = YES;
				CLANG_WARN_OBJC_ROOT_CLASS = YES_ERROR;
				CLANG_WARN_QUOTED_INCLUDE_IN_FRAMEWORK_HEADER = YES;
				CLANG_WARN_RANGE_LOOP_ANALYSIS = YES;
				CLANG_WARN_STRICT_PROTOTYPES = YES;
				CLANG_WARN_SUSPICIOUS_MOVE = YES;
				CLANG_WARN_UNGUARDED_AVAILABILITY = YES_AGGRESSIVE;
				CLANG_WARN_UNREACHABLE_CODE = YES;
				CLANG_WARN__DUPLICATE_METHOD_MATCH = YES;
				COPY_PHASE_STRIP = NO;
				DEBUG_INFORMATION_FORMAT = "dwarf-with-dsym";
				ENABLE_NS_ASSERTIONS = NO;
				ENABLE_STRICT_OBJC_MSGSEND = YES;
				GCC_C_LANGUAGE_STANDARD = gnu11;
				GCC_NO_COMMON_BLOCKS = YES;
				GCC_WARN_64_TO_32_BIT_CONVERSION = YES;
				GCC_WARN_ABOUT_RETURN_TYPE = YES_ERROR;
				GCC_WARN_UNDECLARED_SELECTOR = YES;
				GCC_WARN_UNINITIALIZED_AUTOS = YES_AGGRESSIVE;
				GCC_WARN_UNUSED_FUNCTION = YES;
				GCC_WARN_UNUSED_VARIABLE = YES;
				IPHONEOS_DEPLOYMENT_TARGET = 11.0;
				MTL_ENABLE_DEBUG_INFO = NO;
				MTL_FAST_MATH = YES;
				SDKROOT = iphoneos;
				SWIFT_COMPILATION_MODE = wholemodule;
				SWIFT_OPTIMIZATION_LEVEL = "-O";
				VALIDATE_PRODUCT = YES;
			};
			name = Release;
		};
		04915EC425AD92000069EB78 /* Debug */ = {
			isa = XCBuildConfiguration;
			baseConfigurationReference = B8C657639FE37BF870F8477C /* Pods-VinnerAirSense.debug.xcconfig */;
			buildSettings = {
				ASSETCATALOG_COMPILER_APPICON_NAME = AppIcon;
				ASSETCATALOG_COMPILER_GLOBAL_ACCENT_COLOR_NAME = AccentColor;
				CODE_SIGN_ENTITLEMENTS = VinnerAirSense/VinnerAirSense.entitlements;
				CODE_SIGN_STYLE = Automatic;
				DEVELOPMENT_TEAM = XLPSEH973Z;
				INFOPLIST_FILE = VinnerAirSense/Info.plist;
				IPHONEOS_DEPLOYMENT_TARGET = 11.0;
				LD_RUNPATH_SEARCH_PATHS = (
					"$(inherited)",
					"@executable_path/Frameworks",
				);
				MACOSX_DEPLOYMENT_TARGET = 10.11;
				MARKETING_VERSION = 1.9;
				PRODUCT_BUNDLE_IDENTIFIER = com.Vinner.VinnerAirSense;
				"PRODUCT_BUNDLE_IDENTIFIER[sdk=macosx*]" = "";
				PRODUCT_NAME = "$(TARGET_NAME)";
				SUPPORTS_MACCATALYST = NO;
				SWIFT_VERSION = 5.0;
				TARGETED_DEVICE_FAMILY = "1,2";
			};
			name = Debug;
		};
		04915EC525AD92000069EB78 /* Release */ = {
			isa = XCBuildConfiguration;
			baseConfigurationReference = 4525E9215EE33AEC9DE97D6A /* Pods-VinnerAirSense.release.xcconfig */;
			buildSettings = {
				ASSETCATALOG_COMPILER_APPICON_NAME = AppIcon;
				ASSETCATALOG_COMPILER_GLOBAL_ACCENT_COLOR_NAME = AccentColor;
				CODE_SIGN_ENTITLEMENTS = VinnerAirSense/VinnerAirSense.entitlements;
				CODE_SIGN_STYLE = Automatic;
				DEVELOPMENT_TEAM = XLPSEH973Z;
				INFOPLIST_FILE = VinnerAirSense/Info.plist;
				IPHONEOS_DEPLOYMENT_TARGET = 11.0;
				LD_RUNPATH_SEARCH_PATHS = (
					"$(inherited)",
					"@executable_path/Frameworks",
				);
				MACOSX_DEPLOYMENT_TARGET = 10.11;
				MARKETING_VERSION = 1.9;
				PRODUCT_BUNDLE_IDENTIFIER = com.Vinner.VinnerAirSense;
				"PRODUCT_BUNDLE_IDENTIFIER[sdk=macosx*]" = "";
				PRODUCT_NAME = "$(TARGET_NAME)";
				SUPPORTS_MACCATALYST = NO;
				SWIFT_VERSION = 5.0;
				TARGETED_DEVICE_FAMILY = "1,2";
			};
			name = Release;
		};
		04915EC725AD92000069EB78 /* Debug */ = {
			isa = XCBuildConfiguration;
			baseConfigurationReference = D37385A61ADB2B43104D1B87 /* Pods-VinnerAirSenseTests.debug.xcconfig */;
			buildSettings = {
				ALWAYS_EMBED_SWIFT_STANDARD_LIBRARIES = YES;
				BUNDLE_LOADER = "$(TEST_HOST)";
				CODE_SIGN_STYLE = Automatic;
				DEVELOPMENT_TEAM = XLPSEH973Z;
				INFOPLIST_FILE = VinnerAirSenseTests/Info.plist;
				IPHONEOS_DEPLOYMENT_TARGET = 14.2;
				LD_RUNPATH_SEARCH_PATHS = (
					"$(inherited)",
					"@executable_path/Frameworks",
					"@loader_path/Frameworks",
				);
				PRODUCT_BUNDLE_IDENTIFIER = com.ariesEstrrado.TestProject.VinnerAirSenseTests;
				PRODUCT_NAME = "$(TARGET_NAME)";
				SWIFT_VERSION = 5.0;
				TARGETED_DEVICE_FAMILY = "1,2";
				TEST_HOST = "$(BUILT_PRODUCTS_DIR)/VinnerAirSense.app/VinnerAirSense";
			};
			name = Debug;
		};
		04915EC825AD92000069EB78 /* Release */ = {
			isa = XCBuildConfiguration;
			baseConfigurationReference = F5438513DACCC2F1E1BA3BCE /* Pods-VinnerAirSenseTests.release.xcconfig */;
			buildSettings = {
				ALWAYS_EMBED_SWIFT_STANDARD_LIBRARIES = YES;
				BUNDLE_LOADER = "$(TEST_HOST)";
				CODE_SIGN_STYLE = Automatic;
				DEVELOPMENT_TEAM = XLPSEH973Z;
				INFOPLIST_FILE = VinnerAirSenseTests/Info.plist;
				IPHONEOS_DEPLOYMENT_TARGET = 14.2;
				LD_RUNPATH_SEARCH_PATHS = (
					"$(inherited)",
					"@executable_path/Frameworks",
					"@loader_path/Frameworks",
				);
				PRODUCT_BUNDLE_IDENTIFIER = com.ariesEstrrado.TestProject.VinnerAirSenseTests;
				PRODUCT_NAME = "$(TARGET_NAME)";
				SWIFT_VERSION = 5.0;
				TARGETED_DEVICE_FAMILY = "1,2";
				TEST_HOST = "$(BUILT_PRODUCTS_DIR)/VinnerAirSense.app/VinnerAirSense";
			};
			name = Release;
		};
		04915ECA25AD92000069EB78 /* Debug */ = {
			isa = XCBuildConfiguration;
			baseConfigurationReference = 8589FA96DDC2CA3576686A39 /* Pods-VinnerAirSense-VinnerAirSenseUITests.debug.xcconfig */;
			buildSettings = {
				ALWAYS_EMBED_SWIFT_STANDARD_LIBRARIES = YES;
				CODE_SIGN_STYLE = Automatic;
				DEVELOPMENT_TEAM = XLPSEH973Z;
				INFOPLIST_FILE = VinnerAirSenseUITests/Info.plist;
				LD_RUNPATH_SEARCH_PATHS = (
					"$(inherited)",
					"@executable_path/Frameworks",
					"@loader_path/Frameworks",
				);
				PRODUCT_BUNDLE_IDENTIFIER = com.ariesEstrrado.TestProject.VinnerAirSenseUITests;
				PRODUCT_NAME = "$(TARGET_NAME)";
				SWIFT_VERSION = 5.0;
				TARGETED_DEVICE_FAMILY = "1,2";
				TEST_TARGET_NAME = VinnerAirSense;
			};
			name = Debug;
		};
		04915ECB25AD92000069EB78 /* Release */ = {
			isa = XCBuildConfiguration;
			baseConfigurationReference = D0CE3D5F1F3A86DBF4B2267E /* Pods-VinnerAirSense-VinnerAirSenseUITests.release.xcconfig */;
			buildSettings = {
				ALWAYS_EMBED_SWIFT_STANDARD_LIBRARIES = YES;
				CODE_SIGN_STYLE = Automatic;
				DEVELOPMENT_TEAM = XLPSEH973Z;
				INFOPLIST_FILE = VinnerAirSenseUITests/Info.plist;
				LD_RUNPATH_SEARCH_PATHS = (
					"$(inherited)",
					"@executable_path/Frameworks",
					"@loader_path/Frameworks",
				);
				PRODUCT_BUNDLE_IDENTIFIER = com.ariesEstrrado.TestProject.VinnerAirSenseUITests;
				PRODUCT_NAME = "$(TARGET_NAME)";
				SWIFT_VERSION = 5.0;
				TARGETED_DEVICE_FAMILY = "1,2";
				TEST_TARGET_NAME = VinnerAirSense;
			};
			name = Release;
		};
/* End XCBuildConfiguration section */

/* Begin XCConfigurationList section */
		04915E9425AD91FC0069EB78 /* Build configuration list for PBXProject "VinnerAirSense" */ = {
			isa = XCConfigurationList;
			buildConfigurations = (
				04915EC125AD92000069EB78 /* Debug */,
				04915EC225AD92000069EB78 /* Release */,
			);
			defaultConfigurationIsVisible = 0;
			defaultConfigurationName = Release;
		};
		04915EC325AD92000069EB78 /* Build configuration list for PBXNativeTarget "VinnerAirSense" */ = {
			isa = XCConfigurationList;
			buildConfigurations = (
				04915EC425AD92000069EB78 /* Debug */,
				04915EC525AD92000069EB78 /* Release */,
			);
			defaultConfigurationIsVisible = 0;
			defaultConfigurationName = Release;
		};
		04915EC625AD92000069EB78 /* Build configuration list for PBXNativeTarget "VinnerAirSenseTests" */ = {
			isa = XCConfigurationList;
			buildConfigurations = (
				04915EC725AD92000069EB78 /* Debug */,
				04915EC825AD92000069EB78 /* Release */,
			);
			defaultConfigurationIsVisible = 0;
			defaultConfigurationName = Release;
		};
		04915EC925AD92000069EB78 /* Build configuration list for PBXNativeTarget "VinnerAirSenseUITests" */ = {
			isa = XCConfigurationList;
			buildConfigurations = (
				04915ECA25AD92000069EB78 /* Debug */,
				04915ECB25AD92000069EB78 /* Release */,
			);
			defaultConfigurationIsVisible = 0;
			defaultConfigurationName = Release;
		};
/* End XCConfigurationList section */
	};
	rootObject = 04915E9125AD91FC0069EB78 /* Project object */;
}
